{
  "version": 4,
  "terraform_version": "1.15.7",
  "serial": 13,
  "lineage": "8ba97dbf-9657-8d85-5b71-7f2845cdc21d",
  "outputs": {},
  "resources": [
    {
      "mode": "managed",
      "type": "local_file",
      "name": "test",
      "provider": "provider[\"registry.terraform.io/hashicorp/local\"]",
      "instances": [
        {
          "schema_version": 0,
          "attributes": {
            "content": "KijaniKiosk IaC test - tested by Terraform",
            "content_base64": null,
            "content_base64sha256": "sZ08+1PajrRiGIZ/zJLuJXqXeNZB5zob80yykc3SEbI=",
            "content_base64sha512": "AaJWeGpqZiwFYlDs8YfslMgZy/qitPYbfn4oyLYwg3jgdDz+i8gNjxITlbgT+4M8jpyPrh2mbDlcDLwERlprhg==",
            "content_md5": "2d590e0b5f1a0732e79da81a55fbe570",
            "content_sha1": "3eb55b8192de732d9f63969454a2edbf235e7ede",
            "content_sha256": "b19d3cfb53da8eb46218867fcc92ee257a9778d641e73a1bf34cb291cdd211b2",
            "content_sha512": "01a256786a6a662c056250ecf187ec94c819cbfaa2b4f61b7e7e28c8b6308378e0743cfe8bc80d8f121395b813fb833c8e9c8fae1da66c395c0cbc04465a6b86",
            "directory_permission": "0777",
            "file_permission": "0640",
            "filename": "/tmp/iac-test-output.txt",
            "id": "3eb55b8192de732d9f63969454a2edbf235e7ede",
            "sensitive_content": null,
            "source": null
          },
          "sensitive_attributes": [
            [
              {
                "type": "get_attr",
                "value": "sensitive_content"
              }
            ]
          ],
          "identity_schema_version": 0
        }
      ]
    }
  ],
  "check_results": null
}
